
Microsoft Visual Studio Solution File, Format Version 12.00
# Visual Studio Version 16
VisualStudioVersion = 16.0.30517.126
MinimumVisualStudioVersion = 10.0.40219.1
Project("{9A19103F-16F7-4668-BE54-9A1E7A4F7556}") = "ORMProject.DAL", "DAL\ORMProject.DAL.csproj", "{FA50F931-FA85-4D11-B2AD-DE33D11D4041}"
EndProject
Project("{9A19103F-16F7-4668-BE54-9A1E7A4F7556}") = "ORMProject.Framework", "ORMProject.Framework\ORMProject.Framework.csproj", "{36C18B3C-5E6B-4C7D-A8AC-6A2B260D1507}"
EndProject
Project("{9A19103F-16F7-4668-BE54-9A1E7A4F7556}") = "ORMProject.Model", "ORMProject.Model\ORMProject.Model.csproj", "{FE80B892-6E36-4CAA-B4C3-E02DBD3FC9E3}"
EndProject
Project("{FAE04EC0-301F-11D3-BF4B-00C04F79EFBC}") = "ConsoleApp1", "ConsoleApp1\ConsoleApp1.csproj", "{46508306-E146-4A04-A7A6-F02736F3B4A3}"
EndProject
Global
	GlobalSection(SolutionConfigurationPlatforms) = preSolution
		Debug|Any CPU = Debug|Any CPU
		Release|Any CPU = Release|Any CPU
	EndGlobalSection
	GlobalSection(ProjectConfigurationPlatforms) = postSolution
		{FA50F931-FA85-4D11-B2AD-DE33D11D4041}.Debug|Any CPU.ActiveCfg = Debug|Any CPU
		{FA50F931-FA85-4D11-B2AD-DE33D11D4041}.Debug|Any CPU.Build.0 = Debug|Any CPU
		{FA50F931-FA85-4D11-B2AD-DE33D11D4041}.Release|Any CPU.ActiveCfg = Release|Any CPU
		{FA50F931-FA85-4D11-B2AD-DE33D11D4041}.Release|Any CPU.Build.0 = Release|Any CPU
		{36C18B3C-5E6B-4C7D-A8AC-6A2B260D1507}.Debug|Any CPU.ActiveCfg = Debug|Any CPU
		{36C18B3C-5E6B-4C7D-A8AC-6A2B260D1507}.Debug|Any CPU.Build.0 = Debug|Any CPU
		{36C18B3C-5E6B-4C7D-A8AC-6A2B260D1507}.Release|Any CPU.ActiveCfg = Release|Any CPU
		{36C18B3C-5E6B-4C7D-A8AC-6A2B260D1507}.Release|Any CPU.Build.0 = Release|Any CPU
		{FE80B892-6E36-4CAA-B4C3-E02DBD3FC9E3}.Debug|Any CPU.ActiveCfg = Debug|Any CPU
		{FE80B892-6E36-4CAA-B4C3-E02DBD3FC9E3}.Debug|Any CPU.Build.0 = Debug|Any CPU
		{FE80B892-6E36-4CAA-B4C3-E02DBD3FC9E3}.Release|Any CPU.ActiveCfg = Release|Any CPU
		{FE80B892-6E36-4CAA-B4C3-E02DBD3FC9E3}.Release|Any CPU.Build.0 = Release|Any CPU
		{46508306-E146-4A04-A7A6-F02736F3B4A3}.Debug|Any CPU.ActiveCfg = Debug|Any CPU
		{46508306-E146-4A04-A7A6-F02736F3B4A3}.Debug|Any CPU.Build.0 = Debug|Any CPU
		{46508306-E146-4A04-A7A6-F02736F3B4A3}.Release|Any CPU.ActiveCfg = Release|Any CPU
		{46508306-E146-4A04-A7A6-F02736F3B4A3}.Release|Any CPU.Build.0 = Release|Any CPU
	EndGlobalSection
	GlobalSection(SolutionProperties) = preSolution
		HideSolutionNode = FALSE
	EndGlobalSection
	GlobalSection(ExtensibilityGlobals) = postSolution
		SolutionGuid = {882F1079-5DED-408A-85F9-4994E303B1E4}
	EndGlobalSection
EndGlobal
